
Microsoft Visual Studio Solution File, Format Version 12.00
# Visual Studio Version 17
VisualStudioVersion = 17.3.32922.545
MinimumVisualStudioVersion = 10.0.40219.1
Project("{9A19103F-16F7-4668-BE54-9A1E7A4F7556}") = "ZipBlobFilesFunction", "ZipBlobFilesFunction\ZipBlobFilesFunction.csproj", "{3F3FE3E2-6E13-4689-ABEF-A12426CE2B0D}"
EndProject
Global
	GlobalSection(SolutionConfigurationPlatforms) = preSolution
		Debug|Any CPU = Debug|Any CPU
		Release|Any CPU = Release|Any CPU
	EndGlobalSection
	GlobalSection(ProjectConfigurationPlatforms) = postSolution
		{3F3FE3E2-6E13-4689-ABEF-A12426CE2B0D}.Debug|Any CPU.ActiveCfg = Debug|Any CPU
		{3F3FE3E2-6E13-4689-ABEF-A12426CE2B0D}.Debug|Any CPU.Build.0 = Debug|Any CPU
		{3F3FE3E2-6E13-4689-ABEF-A12426CE2B0D}.Release|Any CPU.ActiveCfg = Release|Any CPU
		{3F3FE3E2-6E13-4689-ABEF-A12426CE2B0D}.Release|Any CPU.Build.0 = Release|Any CPU
	EndGlobalSection
	GlobalSection(SolutionProperties) = preSolution
		HideSolutionNode = FALSE
	EndGlobalSection
	GlobalSection(ExtensibilityGlobals) = postSolution
		SolutionGuid = {383490F2-71D6-4966-A960-7E7197DAFC37}
	EndGlobalSection
EndGlobal
